
Microsoft Visual Studio Solution File, Format Version 12.00
# Visual Studio Version 16
VisualStudioVersion = 16.0.30804.86
MinimumVisualStudioVersion = 10.0.40219.1
Project("{8BC9CEB8-8B4A-11D0-8D11-00A0C91BC942}") = "Static_Library", "Static_Library.vcxproj", "{D8547894-2093-461F-84F7-BE0B13CA3C88}"
EndProject
Global
	GlobalSection(SolutionConfigurationPlatforms) = preSolution
		Debug|x64 = Debug|x64
		Debug|x86 = Debug|x86
		Release|x64 = Release|x64
		Release|x86 = Release|x86
	EndGlobalSection
	GlobalSection(ProjectConfigurationPlatforms) = postSolution
		{D8547894-2093-461F-84F7-BE0B13CA3C88}.Debug|x64.ActiveCfg = Debug|x64
		{D8547894-2093-461F-84F7-BE0B13CA3C88}.Debug|x64.Build.0 = Debug|x64
		{D8547894-2093-461F-84F7-BE0B13CA3C88}.Debug|x86.ActiveCfg = Debug|Win32
		{D8547894-2093-461F-84F7-BE0B13CA3C88}.Debug|x86.Build.0 = Debug|Win32
		{D8547894-2093-461F-84F7-BE0B13CA3C88}.Release|x64.ActiveCfg = Release|x64
		{D8547894-2093-461F-84F7-BE0B13CA3C88}.Release|x64.Build.0 = Release|x64
		{D8547894-2093-461F-84F7-BE0B13CA3C88}.Release|x86.ActiveCfg = Release|Win32
		{D8547894-2093-461F-84F7-BE0B13CA3C88}.Release|x86.Build.0 = Release|Win32
	EndGlobalSection
	GlobalSection(SolutionProperties) = preSolution
		HideSolutionNode = FALSE
	EndGlobalSection
	GlobalSection(ExtensibilityGlobals) = postSolution
		SolutionGuid = {4BE675A5-0EB8-4D3C-A8C9-A70BE9DAEF95}
	EndGlobalSection
EndGlobal
